// !$*UTF8*$!
{
	archiveVersion = 1;
	classes = {
	};
	objectVersion = 46;
	objects = {

/* Begin PBXBuildFile section */
		50143FC31CB1300000F3B769 /* AppDelegate.swift in Sources */ = {isa = PBXBuildFile; fileRef = 50143FC21CB1300000F3B769 /* AppDelegate.swift */; };
		50143FC51CB1300000F3B769 /* Assets.xcassets in Resources */ = {isa = PBXBuildFile; fileRef = 50143FC41CB1300000F3B769 /* Assets.xcassets */; };
		50143FC81CB1300000F3B769 /* MainMenu.xib in Resources */ = {isa = PBXBuildFile; fileRef = 50143FC61CB1300000F3B769 /* MainMenu.xib */; };
		5059431D1CB4203A006B7D59 /* FreeDiskSpaceLocator.swift in Sources */ = {isa = PBXBuildFile; fileRef = 5059431C1CB4203A006B7D59 /* FreeDiskSpaceLocator.swift */; };
		5059431F1CB420E2006B7D59 /* Podfile in Resources */ = {isa = PBXBuildFile; fileRef = 5059431E1CB420E2006B7D59 /* Podfile */; };
		50662C861CB936E000025D04 /* StatusMenuController.swift in Sources */ = {isa = PBXBuildFile; fileRef = 50662C851CB936E000025D04 /* StatusMenuController.swift */; };
		50662C8F1CB94D0F00025D04 /* SettingsWindow.swift in Sources */ = {isa = PBXBuildFile; fileRef = 50662C8D1CB94D0F00025D04 /* SettingsWindow.swift */; };
		50662C901CB94D0F00025D04 /* SettingsWindow.xib in Resources */ = {isa = PBXBuildFile; fileRef = 50662C8E1CB94D0F00025D04 /* SettingsWindow.xib */; };
		50662C921CB952E100025D04 /* SettingsManager.swift in Sources */ = {isa = PBXBuildFile; fileRef = 50662C911CB952E100025D04 /* SettingsManager.swift */; };
		506D9BF01CB44C5A002A6624 /* UsedDiskSpaceLocator.swift in Sources */ = {isa = PBXBuildFile; fileRef = 506D9BEF1CB44C5A002A6624 /* UsedDiskSpaceLocator.swift */; };
		50934FA61CB43281000711E0 /* UnitConverter.swift in Sources */ = {isa = PBXBuildFile; fileRef = 50934FA51CB43281000711E0 /* UnitConverter.swift */; };
		50934FA91CB435D4000711E0 /* ByteConverter.swift in Sources */ = {isa = PBXBuildFile; fileRef = 50934FA81CB435D4000711E0 /* ByteConverter.swift */; };
		50934FAC1CB43970000711E0 /* UnitConverterStrategy.swift in Sources */ = {isa = PBXBuildFile; fileRef = 50934FAB1CB43970000711E0 /* UnitConverterStrategy.swift */; };
		50934FAE1CB4398C000711E0 /* DataLocatorStrategy.swift in Sources */ = {isa = PBXBuildFile; fileRef = 50934FAD1CB4398C000711E0 /* DataLocatorStrategy.swift */; };
		50934FB01CB43A15000711E0 /* DataLocator.swift in Sources */ = {isa = PBXBuildFile; fileRef = 50934FAF1CB43A15000711E0 /* DataLocator.swift */; };
		ED959217B1C1199BC1C7DAAD /* Pods_DiskStatus.framework in Frameworks */ = {isa = PBXBuildFile; fileRef = 688CBD3B5E03802356E9EFA6 /* Pods_DiskStatus.framework */; };
/* End PBXBuildFile section */

/* Begin PBXFileReference section */
		50143FBF1CB1300000F3B769 /* DiskStatus.app */ = {isa = PBXFileReference; explicitFileType = wrapper.application; includeInIndex = 0; path = DiskStatus.app; sourceTree = BUILT_PRODUCTS_DIR; };
		50143FC21CB1300000F3B769 /* AppDelegate.swift */ = {isa = PBXFileReference; lastKnownFileType = sourcecode.swift; path = AppDelegate.swift; sourceTree = "<group>"; };
		50143FC41CB1300000F3B769 /* Assets.xcassets */ = {isa = PBXFileReference; lastKnownFileType = folder.assetcatalog; path = Assets.xcassets; sourceTree = "<group>"; };
		50143FC71CB1300000F3B769 /* Base */ = {isa = PBXFileReference; lastKnownFileType = file.xib; name = Base; path = Base.lproj/MainMenu.xib; sourceTree = "<group>"; };
		50143FC91CB1300000F3B769 /* Info.plist */ = {isa = PBXFileReference; lastKnownFileType = text.plist.xml; path = Info.plist; sourceTree = "<group>"; };
		5059431C1CB4203A006B7D59 /* FreeDiskSpaceLocator.swift */ = {isa = PBXFileReference; fileEncoding = 4; lastKnownFileType = sourcecode.swift; path = FreeDiskSpaceLocator.swift; sourceTree = "<group>"; };
		5059431E1CB420E2006B7D59 /* Podfile */ = {isa = PBXFileReference; fileEncoding = 4; lastKnownFileType = text; path = Podfile; sourceTree = "<group>"; xcLanguageSpecificationIdentifier = xcode.lang.ruby; };
		50662C851CB936E000025D04 /* StatusMenuController.swift */ = {isa = PBXFileReference; fileEncoding = 4; lastKnownFileType = sourcecode.swift; path = StatusMenuController.swift; sourceTree = "<group>"; };
		50662C8D1CB94D0F00025D04 /* SettingsWindow.swift */ = {isa = PBXFileReference; fileEncoding = 4; lastKnownFileType = sourcecode.swift; name = SettingsWindow.swift; path = SettingsWindow/SettingsWindow.swift; sourceTree = "<group>"; };
		50662C8E1CB94D0F00025D04 /* SettingsWindow.xib */ = {isa = PBXFileReference; fileEncoding = 4; lastKnownFileType = file.xib; name = SettingsWindow.xib; path = SettingsWindow/SettingsWindow.xib; sourceTree = "<group>"; };
		50662C911CB952E100025D04 /* SettingsManager.swift */ = {isa = PBXFileReference; fileEncoding = 4; lastKnownFileType = sourcecode.swift; path = SettingsManager.swift; sourceTree = "<group>"; };
		506D9BEF1CB44C5A002A6624 /* UsedDiskSpaceLocator.swift */ = {isa = PBXFileReference; fileEncoding = 4; lastKnownFileType = sourcecode.swift; path = UsedDiskSpaceLocator.swift; sourceTree = "<group>"; };
		50934FA51CB43281000711E0 /* UnitConverter.swift */ = {isa = PBXFileReference; fileEncoding = 4; lastKnownFileType = sourcecode.swift; path = UnitConverter.swift; sourceTree = "<group>"; };
		50934FA81CB435D4000711E0 /* ByteConverter.swift */ = {isa = PBXFileReference; fileEncoding = 4; lastKnownFileType = sourcecode.swift; path = ByteConverter.swift; sourceTree = "<group>"; };
		50934FAB1CB43970000711E0 /* UnitConverterStrategy.swift */ = {isa = PBXFileReference; fileEncoding = 4; lastKnownFileType = sourcecode.swift; path = UnitConverterStrategy.swift; sourceTree = "<group>"; };
		50934FAD1CB4398C000711E0 /* DataLocatorStrategy.swift */ = {isa = PBXFileReference; fileEncoding = 4; lastKnownFileType = sourcecode.swift; path = DataLocatorStrategy.swift; sourceTree = "<group>"; };
		50934FAF1CB43A15000711E0 /* DataLocator.swift */ = {isa = PBXFileReference; fileEncoding = 4; lastKnownFileType = sourcecode.swift; path = DataLocator.swift; sourceTree = "<group>"; };
		688CBD3B5E03802356E9EFA6 /* Pods_DiskStatus.framework */ = {isa = PBXFileReference; explicitFileType = wrapper.framework; includeInIndex = 0; path = Pods_DiskStatus.framework; sourceTree = BUILT_PRODUCTS_DIR; };
		A5F1607FD720A106324464A5 /* Pods-DiskStatus.debug.xcconfig */ = {isa = PBXFileReference; includeInIndex = 1; lastKnownFileType = text.xcconfig; name = "Pods-DiskStatus.debug.xcconfig"; path = "Pods/Target Support Files/Pods-DiskStatus/Pods-DiskStatus.debug.xcconfig"; sourceTree = "<group>"; };
		EF5C51EA4278A5AECACF08EC /* Pods-DiskStatus.release.xcconfig */ = {isa = PBXFileReference; includeInIndex = 1; lastKnownFileType = text.xcconfig; name = "Pods-DiskStatus.release.xcconfig"; path = "Pods/Target Support Files/Pods-DiskStatus/Pods-DiskStatus.release.xcconfig"; sourceTree = "<group>"; };
/* End PBXFileReference section */

/* Begin PBXFrameworksBuildPhase section */
		50143FBC1CB1300000F3B769 /* Frameworks */ = {
			isa = PBXFrameworksBuildPhase;
			buildActionMask = 2147483647;
			files = (
				ED959217B1C1199BC1C7DAAD /* Pods_DiskStatus.framework in Frameworks */,
			);
			runOnlyForDeploymentPostprocessing = 0;
		};
/* End PBXFrameworksBuildPhase section */

/* Begin PBXGroup section */
		20A23C530288218D7F4CDD4B /* Pods */ = {
			isa = PBXGroup;
			children = (
				A5F1607FD720A106324464A5 /* Pods-DiskStatus.debug.xcconfig */,
				EF5C51EA4278A5AECACF08EC /* Pods-DiskStatus.release.xcconfig */,
			);
			name = Pods;
			sourceTree = "<group>";
		};
		50143FB61CB1300000F3B769 = {
			isa = PBXGroup;
			children = (
				5059431E1CB420E2006B7D59 /* Podfile */,
				50143FC11CB1300000F3B769 /* DiskStatus */,
				50143FC01CB1300000F3B769 /* Products */,
				20A23C530288218D7F4CDD4B /* Pods */,
				AA089BFCEE36421A95C251FB /* Frameworks */,
			);
			sourceTree = "<group>";
		};
		50143FC01CB1300000F3B769 /* Products */ = {
			isa = PBXGroup;
			children = (
				50143FBF1CB1300000F3B769 /* DiskStatus.app */,
			);
			name = Products;
			sourceTree = "<group>";
		};
		50143FC11CB1300000F3B769 /* DiskStatus */ = {
			isa = PBXGroup;
			children = (
				50A3BFAD1CB97D5900310B41 /* SettingsWindow */,
				50934FAA1CB43940000711E0 /* DataLocators */,
				50934FA71CB43588000711E0 /* UnitConverters */,
				50143FC21CB1300000F3B769 /* AppDelegate.swift */,
				50143FC41CB1300000F3B769 /* Assets.xcassets */,
				50143FC61CB1300000F3B769 /* MainMenu.xib */,
				50662C851CB936E000025D04 /* StatusMenuController.swift */,
				50662C911CB952E100025D04 /* SettingsManager.swift */,
				50143FC91CB1300000F3B769 /* Info.plist */,
			);
			path = DiskStatus;
			sourceTree = "<group>";
		};
		50934FA71CB43588000711E0 /* UnitConverters */ = {
			isa = PBXGroup;
			children = (
				50934FA51CB43281000711E0 /* UnitConverter.swift */,
				50934FA81CB435D4000711E0 /* ByteConverter.swift */,
				50934FAB1CB43970000711E0 /* UnitConverterStrategy.swift */,
			);
			path = UnitConverters;
			sourceTree = "<group>";
		};
		50934FAA1CB43940000711E0 /* DataLocators */ = {
			isa = PBXGroup;
			children = (
				5059431C1CB4203A006B7D59 /* FreeDiskSpaceLocator.swift */,
				506D9BEF1CB44C5A002A6624 /* UsedDiskSpaceLocator.swift */,
				50934FAD1CB4398C000711E0 /* DataLocatorStrategy.swift */,
				50934FAF1CB43A15000711E0 /* DataLocator.swift */,
			);
			path = DataLocators;
			sourceTree = "<group>";
		};
		50A3BFAD1CB97D5900310B41 /* SettingsWindow */ = {
			isa = PBXGroup;
			children = (
				50662C8D1CB94D0F00025D04 /* SettingsWindow.swift */,
				50662C8E1CB94D0F00025D04 /* SettingsWindow.xib */,
			);
			name = SettingsWindow;
			sourceTree = "<group>";
		};
		AA089BFCEE36421A95C251FB /* Frameworks */ = {
			isa = PBXGroup;
			children = (
				688CBD3B5E03802356E9EFA6 /* Pods_DiskStatus.framework */,
			);
			name = Frameworks;
			sourceTree = "<group>";
		};
/* End PBXGroup section */

/* Begin PBXNativeTarget section */
		50143FBE1CB1300000F3B769 /* DiskStatus */ = {
			isa = PBXNativeTarget;
			buildConfigurationList = 50143FCC1CB1300000F3B769 /* Build configuration list for PBXNativeTarget "DiskStatus" */;
			buildPhases = (
				37947FC2316E2BD6E9E873EB /* 📦 Check Pods Manifest.lock */,
				50143FBB1CB1300000F3B769 /* Sources */,
				50143FBC1CB1300000F3B769 /* Frameworks */,
				50143FBD1CB1300000F3B769 /* Resources */,
				0BB76FBD4CBA0A7A26F2C4AD /* 📦 Embed Pods Frameworks */,
				3E1FBE299502819486D1027B /* 📦 Copy Pods Resources */,
			);
			buildRules = (
			);
			dependencies = (
			);
			name = DiskStatus;
			productName = DiskStatus;
			productReference = 50143FBF1CB1300000F3B769 /* DiskStatus.app */;
			productType = "com.apple.product-type.application";
		};
/* End PBXNativeTarget section */

/* Begin PBXProject section */
		50143FB71CB1300000F3B769 /* Project object */ = {
			isa = PBXProject;
			attributes = {
				LastUpgradeCheck = 0700;
				ORGANIZATIONNAME = "Bjørn Sørensen";
				TargetAttributes = {
					50143FBE1CB1300000F3B769 = {
						CreatedOnToolsVersion = 7.0.1;
						LastSwiftMigration = 0830;
					};
				};
			};
			buildConfigurationList = 50143FBA1CB1300000F3B769 /* Build configuration list for PBXProject "DiskStatus" */;
			compatibilityVersion = "Xcode 3.2";
			developmentRegion = English;
			hasScannedForEncodings = 0;
			knownRegions = (
				en,
				Base,
			);
			mainGroup = 50143FB61CB1300000F3B769;
			productRefGroup = 50143FC01CB1300000F3B769 /* Products */;
			projectDirPath = "";
			projectRoot = "";
			targets = (
				50143FBE1CB1300000F3B769 /* DiskStatus */,
			);
		};
/* End PBXProject section */

/* Begin PBXResourcesBuildPhase section */
		50143FBD1CB1300000F3B769 /* Resources */ = {
			isa = PBXResourcesBuildPhase;
			buildActionMask = 2147483647;
			files = (
				50662C901CB94D0F00025D04 /* SettingsWindow.xib in Resources */,
				5059431F1CB420E2006B7D59 /* Podfile in Resources */,
				50143FC51CB1300000F3B769 /* Assets.xcassets in Resources */,
				50143FC81CB1300000F3B769 /* MainMenu.xib in Resources */,
			);
			runOnlyForDeploymentPostprocessing = 0;
		};
/* End PBXResourcesBuildPhase section */

/* Begin PBXShellScriptBuildPhase section */
		0BB76FBD4CBA0A7A26F2C4AD /* 📦 Embed Pods Frameworks */ = {
			isa = PBXShellScriptBuildPhase;
			buildActionMask = 2147483647;
			files = (
			);
			inputPaths = (
			);
			name = "📦 Embed Pods Frameworks";
			outputPaths = (
			);
			runOnlyForDeploymentPostprocessing = 0;
			shellPath = /bin/sh;
			shellScript = "\"${SRCROOT}/Pods/Target Support Files/Pods-DiskStatus/Pods-DiskStatus-frameworks.sh\"\n";
			showEnvVarsInLog = 0;
		};
		37947FC2316E2BD6E9E873EB /* 📦 Check Pods Manifest.lock */ = {
			isa = PBXShellScriptBuildPhase;
			buildActionMask = 2147483647;
			files = (
			);
			inputPaths = (
			);
			name = "📦 Check Pods Manifest.lock";
			outputPaths = (
			);
			runOnlyForDeploymentPostprocessing = 0;
			shellPath = /bin/sh;
			shellScript = "diff \"${PODS_ROOT}/../Podfile.lock\" \"${PODS_ROOT}/Manifest.lock\" > /dev/null\nif [[ $? != 0 ]] ; then\n    cat << EOM\nerror: The sandbox is not in sync with the Podfile.lock. Run 'pod install' or update your CocoaPods installation.\nEOM\n    exit 1\nfi\n";
			showEnvVarsInLog = 0;
		};
		3E1FBE299502819486D1027B /* 📦 Copy Pods Resources */ = {
			isa = PBXShellScriptBuildPhase;
			buildActionMask = 2147483647;
			files = (
			);
			inputPaths = (
			);
			name = "📦 Copy Pods Resources";
			outputPaths = (
			);
			runOnlyForDeploymentPostprocessing = 0;
			shellPath = /bin/sh;
			shellScript = "\"${SRCROOT}/Pods/Target Support Files/Pods-DiskStatus/Pods-DiskStatus-resources.sh\"\n";
			showEnvVarsInLog = 0;
		};
/* End PBXShellScriptBuildPhase section */

/* Begin PBXSourcesBuildPhase section */
		50143FBB1CB1300000F3B769 /* Sources */ = {
			isa = PBXSourcesBuildPhase;
			buildActionMask = 2147483647;
			files = (
				50934FB01CB43A15000711E0 /* DataLocator.swift in Sources */,
				506D9BF01CB44C5A002A6624 /* UsedDiskSpaceLocator.swift in Sources */,
				50934FAE1CB4398C000711E0 /* DataLocatorStrategy.swift in Sources */,
				50934FAC1CB43970000711E0 /* UnitConverterStrategy.swift in Sources */,
				50934FA61CB43281000711E0 /* UnitConverter.swift in Sources */,
				50662C921CB952E100025D04 /* SettingsManager.swift in Sources */,
				5059431D1CB4203A006B7D59 /* FreeDiskSpaceLocator.swift in Sources */,
				50662C8F1CB94D0F00025D04 /* SettingsWindow.swift in Sources */,
				50662C861CB936E000025D04 /* StatusMenuController.swift in Sources */,
				50934FA91CB435D4000711E0 /* ByteConverter.swift in Sources */,
				50143FC31CB1300000F3B769 /* AppDelegate.swift in Sources */,
			);
			runOnlyForDeploymentPostprocessing = 0;
		};
/* End PBXSourcesBuildPhase section */

/* Begin PBXVariantGroup section */
		50143FC61CB1300000F3B769 /* MainMenu.xib */ = {
			isa = PBXVariantGroup;
			children = (
				50143FC71CB1300000F3B769 /* Base */,
			);
			name = MainMenu.xib;
			sourceTree = "<group>";
		};
/* End PBXVariantGroup section */

/* Begin XCBuildConfiguration section */
		50143FCA1CB1300000F3B769 /* Debug */ = {
			isa = XCBuildConfiguration;
			buildSettings = {
				ALWAYS_SEARCH_USER_PATHS = NO;
				CLANG_CXX_LANGUAGE_STANDARD = "gnu++0x";
				CLANG_CXX_LIBRARY = "libc++";
				CLANG_ENABLE_MODULES = YES;
				CLANG_ENABLE_OBJC_ARC = YES;
				CLANG_WARN_BOOL_CONVERSION = YES;
				CLANG_WARN_CONSTANT_CONVERSION = YES;
				CLANG_WARN_DIRECT_OBJC_ISA_USAGE = YES_ERROR;
				CLANG_WARN_EMPTY_BODY = YES;
				CLANG_WARN_ENUM_CONVERSION = YES;
				CLANG_WARN_INT_CONVERSION = YES;
				CLANG_WARN_OBJC_ROOT_CLASS = YES_ERROR;
				CLANG_WARN_UNREACHABLE_CODE = YES;
				CLANG_WARN__DUPLICATE_METHOD_MATCH = YES;
				CODE_SIGN_IDENTITY = "-";
				COPY_PHASE_STRIP = NO;
				DEBUG_INFORMATION_FORMAT = dwarf;
				ENABLE_STRICT_OBJC_MSGSEND = YES;
				ENABLE_TESTABILITY = YES;
				GCC_C_LANGUAGE_STANDARD = gnu99;
				GCC_DYNAMIC_NO_PIC = NO;
				GCC_NO_COMMON_BLOCKS = YES;
				GCC_OPTIMIZATION_LEVEL = 0;
				GCC_PREPROCESSOR_DEFINITIONS = (
					"DEBUG=1",
					"$(inherited)",
				);
				GCC_WARN_64_TO_32_BIT_CONVERSION = YES;
				GCC_WARN_ABOUT_RETURN_TYPE = YES_ERROR;
				GCC_WARN_UNDECLARED_SELECTOR = YES;
				GCC_WARN_UNINITIALIZED_AUTOS = YES_AGGRESSIVE;
				GCC_WARN_UNUSED_FUNCTION = YES;
				GCC_WARN_UNUSED_VARIABLE = YES;
				MACOSX_DEPLOYMENT_TARGET = 10.10;
				MTL_ENABLE_DEBUG_INFO = YES;
				ONLY_ACTIVE_ARCH = YES;
				SDKROOT = macosx;
				SWIFT_OPTIMIZATION_LEVEL = "-Onone";
			};
			name = Debug;
		};
		50143FCB1CB1300000F3B769 /* Release */ = {
			isa = XCBuildConfiguration;
			buildSettings = {
				ALWAYS_SEARCH_USER_PATHS = NO;
				CLANG_CXX_LANGUAGE_STANDARD = "gnu++0x";
				CLANG_CXX_LIBRARY = "libc++";
				CLANG_ENABLE_MODULES = YES;
				CLANG_ENABLE_OBJC_ARC = YES;
				CLANG_WARN_BOOL_CONVERSION = YES;
				CLANG_WARN_CONSTANT_CONVERSION = YES;
				CLANG_WARN_DIRECT_OBJC_ISA_USAGE = YES_ERROR;
				CLANG_WARN_EMPTY_BODY = YES;
				CLANG_WARN_ENUM_CONVERSION = YES;
				CLANG_WARN_INT_CONVERSION = YES;
				CLANG_WARN_OBJC_ROOT_CLASS = YES_ERROR;
				CLANG_WARN_UNREACHABLE_CODE = YES;
				CLANG_WARN__DUPLICATE_METHOD_MATCH = YES;
				CODE_SIGN_IDENTITY = "-";
				COPY_PHASE_STRIP = NO;
				DEBUG_INFORMATION_FORMAT = "dwarf-with-dsym";
				ENABLE_NS_ASSERTIONS = NO;
				ENABLE_STRICT_OBJC_MSGSEND = YES;
				GCC_C_LANGUAGE_STANDARD = gnu99;
				GCC_NO_COMMON_BLOCKS = YES;
				GCC_WARN_64_TO_32_BIT_CONVERSION = YES;
				GCC_WARN_ABOUT_RETURN_TYPE = YES_ERROR;
				GCC_WARN_UNDECLARED_SELECTOR = YES;
				GCC_WARN_UNINITIALIZED_AUTOS = YES_AGGRESSIVE;
				GCC_WARN_UNUSED_FUNCTION = YES;
				GCC_WARN_UNUSED_VARIABLE = YES;
				MACOSX_DEPLOYMENT_TARGET = 10.10;
				MTL_ENABLE_DEBUG_INFO = NO;
				SDKROOT = macosx;
			};
			name = Release;
		};
		50143FCD1CB1300000F3B769 /* Debug */ = {
			isa = XCBuildConfiguration;
			baseConfigurationReference = A5F1607FD720A106324464A5 /* Pods-DiskStatus.debug.xcconfig */;
			buildSettings = {
				ASSETCATALOG_COMPILER_APPICON_NAME = AppIcon;
				COMBINE_HIDPI_IMAGES = YES;
				INFOPLIST_FILE = DiskStatus/Info.plist;
				LD_RUNPATH_SEARCH_PATHS = "$(inherited) @executable_path/../Frameworks";
				PRODUCT_BUNDLE_IDENTIFIER = CaveOfCode.DiskStatus;
				PRODUCT_NAME = "$(TARGET_NAME)";
				SWIFT_VERSION = 3.0;
			};
			name = Debug;
		};
		50143FCE1CB1300000F3B769 /* Release */ = {
			isa = XCBuildConfiguration;
			baseConfigurationReference = EF5C51EA4278A5AECACF08EC /* Pods-DiskStatus.release.xcconfig */;
			buildSettings = {
				ASSETCATALOG_COMPILER_APPICON_NAME = AppIcon;
				COMBINE_HIDPI_IMAGES = YES;
				INFOPLIST_FILE = DiskStatus/Info.plist;
				LD_RUNPATH_SEARCH_PATHS = "$(inherited) @executable_path/../Frameworks";
				PRODUCT_BUNDLE_IDENTIFIER = CaveOfCode.DiskStatus;
				PRODUCT_NAME = "$(TARGET_NAME)";
				SWIFT_VERSION = 3.0;
			};
			name = Release;
		};
/* End XCBuildConfiguration section */

/* Begin XCConfigurationList section */
		50143FBA1CB1300000F3B769 /* Build configuration list for PBXProject "DiskStatus" */ = {
			isa = XCConfigurationList;
			buildConfigurations = (
				50143FCA1CB1300000F3B769 /* Debug */,
				50143FCB1CB1300000F3B769 /* Release */,
			);
			defaultConfigurationIsVisible = 0;
			defaultConfigurationName = Release;
		};
		50143FCC1CB1300000F3B769 /* Build configuration list for PBXNativeTarget "DiskStatus" */ = {
			isa = XCConfigurationList;
			buildConfigurations = (
				50143FCD1CB1300000F3B769 /* Debug */,
				50143FCE1CB1300000F3B769 /* Release */,
			);
			defaultConfigurationIsVisible = 0;
			defaultConfigurationName = Release;
		};
/* End XCConfigurationList section */
	};
	rootObject = 50143FB71CB1300000F3B769 /* Project object */;
}
